
Microsoft Visual Studio Solution File, Format Version 12.00
# Visual Studio Version 16
VisualStudioVersion = 16.0.31112.23
MinimumVisualStudioVersion = 10.0.40219.1
Project("{FAE04EC0-301F-11D3-BF4B-00C04F79EFBC}") = "svcLoginTracker1", "svcLoginTracker1.csproj", "{024D6371-4AAF-4D4B-A6AB-40363C9F46FF}"
EndProject
Global
	GlobalSection(SolutionConfigurationPlatforms) = preSolution
		Debug|Any CPU = Debug|Any CPU
		Release|Any CPU = Release|Any CPU
	EndGlobalSection
	GlobalSection(ProjectConfigurationPlatforms) = postSolution
		{024D6371-4AAF-4D4B-A6AB-40363C9F46FF}.Debug|Any CPU.ActiveCfg = Debug|Any CPU
		{024D6371-4AAF-4D4B-A6AB-40363C9F46FF}.Debug|Any CPU.Build.0 = Debug|Any CPU
		{024D6371-4AAF-4D4B-A6AB-40363C9F46FF}.Release|Any CPU.ActiveCfg = Release|Any CPU
		{024D6371-4AAF-4D4B-A6AB-40363C9F46FF}.Release|Any CPU.Build.0 = Release|Any CPU
	EndGlobalSection
	GlobalSection(SolutionProperties) = preSolution
		HideSolutionNode = FALSE
	EndGlobalSection
	GlobalSection(ExtensibilityGlobals) = postSolution
		SolutionGuid = {A2C4BE3D-7283-4B04-BE99-1919691E0D2F}
	EndGlobalSection
EndGlobal
